
Microsoft Visual Studio Solution File, Format Version 12.00
# Visual Studio 14
VisualStudioVersion = 14.0.25420.1
MinimumVisualStudioVersion = 10.0.40219.1
Project("{FAE04EC0-301F-11D3-BF4B-00C04F79EFBC}") = "ProjectLife", "ProjectLife\ProjectLife.csproj", "{1E1B6712-1617-4162-BA4C-36F6A216EA09}"
EndProject
Project("{FAE04EC0-301F-11D3-BF4B-00C04F79EFBC}") = "ProjectLifeTest", "ProjectLifeTest\ProjectLifeTest.csproj", "{369BF308-A688-449B-BFC5-B23521C85D7E}"
EndProject
Global
	GlobalSection(SolutionConfigurationPlatforms) = preSolution
		Debug|Any CPU = Debug|Any CPU
		Release|Any CPU = Release|Any CPU
	EndGlobalSection
	GlobalSection(ProjectConfigurationPlatforms) = postSolution
		{1E1B6712-1617-4162-BA4C-36F6A216EA09}.Debug|Any CPU.ActiveCfg = Debug|Any CPU
		{1E1B6712-1617-4162-BA4C-36F6A216EA09}.Debug|Any CPU.Build.0 = Debug|Any CPU
		{1E1B6712-1617-4162-BA4C-36F6A216EA09}.Release|Any CPU.ActiveCfg = Release|Any CPU
		{1E1B6712-1617-4162-BA4C-36F6A216EA09}.Release|Any CPU.Build.0 = Release|Any CPU
		{369BF308-A688-449B-BFC5-B23521C85D7E}.Debug|Any CPU.ActiveCfg = Debug|Any CPU
		{369BF308-A688-449B-BFC5-B23521C85D7E}.Debug|Any CPU.Build.0 = Debug|Any CPU
		{369BF308-A688-449B-BFC5-B23521C85D7E}.Release|Any CPU.ActiveCfg = Release|Any CPU
		{369BF308-A688-449B-BFC5-B23521C85D7E}.Release|Any CPU.Build.0 = Release|Any CPU
	EndGlobalSection
	GlobalSection(SolutionProperties) = preSolution
		HideSolutionNode = FALSE
	EndGlobalSection
EndGlobal
